
Microsoft Visual Studio Solution File, Format Version 12.00
# Visual Studio Version 17
VisualStudioVersion = 17.6.33417.168
MinimumVisualStudioVersion = 10.0.40219.1
Project("{FAE04EC0-301F-11D3-BF4B-00C04F79EFBC}") = "HarvestToWorkfront", "HarvestToWorkfront.csproj", "{FAC546B3-D09E-487D-8E9E-23D73F8D8934}"
EndProject
Global
	GlobalSection(SolutionConfigurationPlatforms) = preSolution
		Debug|Any CPU = Debug|Any CPU
		Release|Any CPU = Release|Any CPU
	EndGlobalSection
	GlobalSection(ProjectConfigurationPlatforms) = postSolution
		{FAC546B3-D09E-487D-8E9E-23D73F8D8934}.Debug|Any CPU.ActiveCfg = Debug|Any CPU
		{FAC546B3-D09E-487D-8E9E-23D73F8D8934}.Debug|Any CPU.Build.0 = Debug|Any CPU
		{FAC546B3-D09E-487D-8E9E-23D73F8D8934}.Release|Any CPU.ActiveCfg = Release|Any CPU
		{FAC546B3-D09E-487D-8E9E-23D73F8D8934}.Release|Any CPU.Build.0 = Release|Any CPU
	EndGlobalSection
	GlobalSection(SolutionProperties) = preSolution
		HideSolutionNode = FALSE
	EndGlobalSection
	GlobalSection(ExtensibilityGlobals) = postSolution
		SolutionGuid = {BAA44745-7EAD-4D2C-976C-C1B8FC317ED4}
	EndGlobalSection
EndGlobal
